
Microsoft Visual Studio Solution File, Format Version 12.00
# Visual Studio Version 16
VisualStudioVersion = 16.0.30114.128
MinimumVisualStudioVersion = 15.0.26124.0
Project("{9A19103F-16F7-4668-BE54-9A1E7A4F7556}") = "StatiqSite", "StatiqSite\StatiqSite.csproj", "{FF2D62B4-0FD9-4B88-8B90-BB4ADC1B3C72}"
EndProject
Project("{9A19103F-16F7-4668-BE54-9A1E7A4F7556}") = "StatiqBlog", "..\..\bradwellsb\statiq-blog-boilerplate\StatiqBlog.csproj", "{68BF41D2-A72A-4FC8-B870-9D69D4791236}"
EndProject
Global
	GlobalSection(SolutionConfigurationPlatforms) = preSolution
		Debug|Any CPU = Debug|Any CPU
		Debug|x64 = Debug|x64
		Debug|x86 = Debug|x86
		Release|Any CPU = Release|Any CPU
		Release|x64 = Release|x64
		Release|x86 = Release|x86
	EndGlobalSection
	GlobalSection(ProjectConfigurationPlatforms) = postSolution
		{FF2D62B4-0FD9-4B88-8B90-BB4ADC1B3C72}.Debug|Any CPU.ActiveCfg = Debug|Any CPU
		{FF2D62B4-0FD9-4B88-8B90-BB4ADC1B3C72}.Debug|Any CPU.Build.0 = Debug|Any CPU
		{FF2D62B4-0FD9-4B88-8B90-BB4ADC1B3C72}.Debug|x64.ActiveCfg = Debug|Any CPU
		{FF2D62B4-0FD9-4B88-8B90-BB4ADC1B3C72}.Debug|x64.Build.0 = Debug|Any CPU
		{FF2D62B4-0FD9-4B88-8B90-BB4ADC1B3C72}.Debug|x86.ActiveCfg = Debug|Any CPU
		{FF2D62B4-0FD9-4B88-8B90-BB4ADC1B3C72}.Debug|x86.Build.0 = Debug|Any CPU
		{FF2D62B4-0FD9-4B88-8B90-BB4ADC1B3C72}.Release|Any CPU.ActiveCfg = Release|Any CPU
		{FF2D62B4-0FD9-4B88-8B90-BB4ADC1B3C72}.Release|Any CPU.Build.0 = Release|Any CPU
		{FF2D62B4-0FD9-4B88-8B90-BB4ADC1B3C72}.Release|x64.ActiveCfg = Release|Any CPU
		{FF2D62B4-0FD9-4B88-8B90-BB4ADC1B3C72}.Release|x64.Build.0 = Release|Any CPU
		{FF2D62B4-0FD9-4B88-8B90-BB4ADC1B3C72}.Release|x86.ActiveCfg = Release|Any CPU
		{FF2D62B4-0FD9-4B88-8B90-BB4ADC1B3C72}.Release|x86.Build.0 = Release|Any CPU
		{68BF41D2-A72A-4FC8-B870-9D69D4791236}.Debug|Any CPU.ActiveCfg = Debug|Any CPU
		{68BF41D2-A72A-4FC8-B870-9D69D4791236}.Debug|Any CPU.Build.0 = Debug|Any CPU
		{68BF41D2-A72A-4FC8-B870-9D69D4791236}.Debug|x64.ActiveCfg = Debug|Any CPU
		{68BF41D2-A72A-4FC8-B870-9D69D4791236}.Debug|x64.Build.0 = Debug|Any CPU
		{68BF41D2-A72A-4FC8-B870-9D69D4791236}.Debug|x86.ActiveCfg = Debug|Any CPU
		{68BF41D2-A72A-4FC8-B870-9D69D4791236}.Debug|x86.Build.0 = Debug|Any CPU
		{68BF41D2-A72A-4FC8-B870-9D69D4791236}.Release|Any CPU.ActiveCfg = Release|Any CPU
		{68BF41D2-A72A-4FC8-B870-9D69D4791236}.Release|Any CPU.Build.0 = Release|Any CPU
		{68BF41D2-A72A-4FC8-B870-9D69D4791236}.Release|x64.ActiveCfg = Release|Any CPU
		{68BF41D2-A72A-4FC8-B870-9D69D4791236}.Release|x64.Build.0 = Release|Any CPU
		{68BF41D2-A72A-4FC8-B870-9D69D4791236}.Release|x86.ActiveCfg = Release|Any CPU
		{68BF41D2-A72A-4FC8-B870-9D69D4791236}.Release|x86.Build.0 = Release|Any CPU
	EndGlobalSection
	GlobalSection(SolutionProperties) = preSolution
		HideSolutionNode = FALSE
	EndGlobalSection
	GlobalSection(ExtensibilityGlobals) = postSolution
		SolutionGuid = {9335D683-ECB5-47B4-99A4-EBE3967A2A68}
	EndGlobalSection
EndGlobal
