{
  "requires": true,
  "lockfileVersion": 1,
  "dependencies": {
    "reading-time": {
      "version": "1.2.1",
      "resolved": "https://registry.npmjs.org/reading-time/-/reading-time-1.2.1.tgz",
      "integrity": "sha512-a27kU9sCJzx4JklmKFMXgMoCWlhBi75DFTbU7+M3rjh5SXRWyacYt02il3muYaA+SUQ7tg5gMQn7GC8zOxTt/g=="
    }
  }
}
